
Microsoft Visual Studio Solution File, Format Version 12.00
# Visual Studio 15
VisualStudioVersion = 15.0.28307.645
MinimumVisualStudioVersion = 10.0.40219.1
Project("{FAE04EC0-301F-11D3-BF4B-00C04F79EFBC}") = "ApiLogin", "ApiLogin\ApiLogin.csproj", "{08969650-152E-42F5-AD3E-C1382E820998}"
EndProject
Global
	GlobalSection(SolutionConfigurationPlatforms) = preSolution
		Debug|Any CPU = Debug|Any CPU
		Release|Any CPU = Release|Any CPU
	EndGlobalSection
	GlobalSection(ProjectConfigurationPlatforms) = postSolution
		{08969650-152E-42F5-AD3E-C1382E820998}.Debug|Any CPU.ActiveCfg = Debug|Any CPU
		{08969650-152E-42F5-AD3E-C1382E820998}.Debug|Any CPU.Build.0 = Debug|Any CPU
		{08969650-152E-42F5-AD3E-C1382E820998}.Release|Any CPU.ActiveCfg = Release|Any CPU
		{08969650-152E-42F5-AD3E-C1382E820998}.Release|Any CPU.Build.0 = Release|Any CPU
	EndGlobalSection
	GlobalSection(SolutionProperties) = preSolution
		HideSolutionNode = FALSE
	EndGlobalSection
	GlobalSection(ExtensibilityGlobals) = postSolution
		SolutionGuid = {5A380EED-85CD-4525-991D-25E8E6B57078}
	EndGlobalSection
EndGlobal
